// !$*UTF8*$!
{
	archiveVersion = 1;
	classes = {
	};
	objectVersion = 46;
	objects = {

/* Begin PBXBuildFile section */
		22070A1B1FB874CF00F43FC3 /* WRFrameWriter.m in Sources */ = {isa = PBXBuildFile; fileRef = 22070A171FB874CF00F43FC3 /* WRFrameWriter.m */; };
		22070A1C1FB874CF00F43FC3 /* WRFrameReader.m in Sources */ = {isa = PBXBuildFile; fileRef = 22070A181FB874CF00F43FC3 /* WRFrameReader.m */; };
		22084FB41FC1D2DC00A12EF1 /* WRProxy.m in Sources */ = {isa = PBXBuildFile; fileRef = 22084FB31FC1D2DC00A12EF1 /* WRProxy.m */; };
		229AD5901F9CE62C00CD3595 /* WRServerTrustPolicy.m in Sources */ = {isa = PBXBuildFile; fileRef = 229AD58F1F9CE62C00CD3595 /* WRServerTrustPolicy.m */; };
		229AD5931F9CE64800CD3595 /* WRSSLPinningPolicy.m in Sources */ = {isa = PBXBuildFile; fileRef = 229AD5921F9CE64800CD3595 /* WRSSLPinningPolicy.m */; };
		229AD5961F9CEE3A00CD3595 /* WRCustomPolicy.m in Sources */ = {isa = PBXBuildFile; fileRef = 229AD5951F9CEE3A00CD3595 /* WRCustomPolicy.m */; };
		229AD5991F9CF0CC00CD3595 /* WRDataDeflater.m in Sources */ = {isa = PBXBuildFile; fileRef = 229AD5981F9CF0CC00CD3595 /* WRDataDeflater.m */; };
		229AD59C1F9CF0DC00CD3595 /* WRDataInflater.m in Sources */ = {isa = PBXBuildFile; fileRef = 229AD59B1F9CF0DC00CD3595 /* WRDataInflater.m */; };
		22BFA8981F14022000CCB6D5 /* main.m in Sources */ = {isa = PBXBuildFile; fileRef = 22BFA8971F14022000CCB6D5 /* main.m */; };
		22BFA89B1F14022000CCB6D5 /* AppDelegate.m in Sources */ = {isa = PBXBuildFile; fileRef = 22BFA89A1F14022000CCB6D5 /* AppDelegate.m */; };
		22BFA89E1F14022000CCB6D5 /* ViewController.m in Sources */ = {isa = PBXBuildFile; fileRef = 22BFA89D1F14022000CCB6D5 /* ViewController.m */; };
		22BFA8A11F14022000CCB6D5 /* Main.storyboard in Resources */ = {isa = PBXBuildFile; fileRef = 22BFA89F1F14022000CCB6D5 /* Main.storyboard */; };
		22BFA8A31F14022000CCB6D5 /* Assets.xcassets in Resources */ = {isa = PBXBuildFile; fileRef = 22BFA8A21F14022000CCB6D5 /* Assets.xcassets */; };
		22BFA8A61F14022000CCB6D5 /* LaunchScreen.storyboard in Resources */ = {isa = PBXBuildFile; fileRef = 22BFA8A41F14022000CCB6D5 /* LaunchScreen.storyboard */; };
		22BFA8B21F14035200CCB6D5 /* WRWebsocket.m in Sources */ = {isa = PBXBuildFile; fileRef = 22BFA8B11F14035200CCB6D5 /* WRWebsocket.m */; };
		22BFA8B71F1B46B300CCB6D5 /* NSURL+WRWebSocket.m in Sources */ = {isa = PBXBuildFile; fileRef = 22BFA8B61F1B46B300CCB6D5 /* NSURL+WRWebSocket.m */; };
		22BFA8C11F1B5BB400CCB6D5 /* WRHandshakeHandler.m in Sources */ = {isa = PBXBuildFile; fileRef = 22BFA8C01F1B5BB400CCB6D5 /* WRHandshakeHandler.m */; };
		22BFA8C71F250BE500CCB6D5 /* NSError+WRError.m in Sources */ = {isa = PBXBuildFile; fileRef = 22BFA8C61F250BE500CCB6D5 /* NSError+WRError.m */; };
		22EA1A4420D6BCFC00B7F23B /* WRDispatching.m in Sources */ = {isa = PBXBuildFile; fileRef = 22EA1A4320D6BCFC00B7F23B /* WRDispatching.m */; };
		261C5F661F9E574400702814 /* WRSIMDFunction.m in Sources */ = {isa = PBXBuildFile; fileRef = 261C5F651F9E574400702814 /* WRSIMDFunction.m */; };
		264E29512028BB7200181D79 /* WRHandshakePreferences.m in Sources */ = {isa = PBXBuildFile; fileRef = 264E29502028BB7200181D79 /* WRHandshakePreferences.m */; };
		265896FE1FB95EA30029FA23 /* WRReadableData.m in Sources */ = {isa = PBXBuildFile; fileRef = 265896FD1FB95EA30029FA23 /* WRReadableData.m */; };
		2668A0081FC2FE3B00E403AA /* WRProxyFetcher.m in Sources */ = {isa = PBXBuildFile; fileRef = 2668A0071FC2FE3B00E403AA /* WRProxyFetcher.m */; };
		2668A00B1FC332B900E403AA /* WRFrame.m in Sources */ = {isa = PBXBuildFile; fileRef = 2668A00A1FC332B900E403AA /* WRFrame.m */; };
		2668A00D1FC344D500E403AA /* Message.txt in Resources */ = {isa = PBXBuildFile; fileRef = 2668A00C1FC344D500E403AA /* Message.txt */; };
		26EBBB0E1F965CA00091A64E /* NSString+WRSHA1.m in Sources */ = {isa = PBXBuildFile; fileRef = 26EBBB0D1F965CA00091A64E /* NSString+WRSHA1.m */; };
/* End PBXBuildFile section */

/* Begin PBXFileReference section */
		22070A151FB874CF00F43FC3 /* WRFrameReader.h */ = {isa = PBXFileReference; fileEncoding = 4; lastKnownFileType = sourcecode.c.h; path = WRFrameReader.h; sourceTree = "<group>"; };
		22070A171FB874CF00F43FC3 /* WRFrameWriter.m */ = {isa = PBXFileReference; fileEncoding = 4; lastKnownFileType = sourcecode.c.objc; path = WRFrameWriter.m; sourceTree = "<group>"; };
		22070A181FB874CF00F43FC3 /* WRFrameReader.m */ = {isa = PBXFileReference; fileEncoding = 4; lastKnownFileType = sourcecode.c.objc; path = WRFrameReader.m; sourceTree = "<group>"; };
		22070A191FB874CF00F43FC3 /* WRFrameMasks.h */ = {isa = PBXFileReference; fileEncoding = 4; lastKnownFileType = sourcecode.c.h; path = WRFrameMasks.h; sourceTree = "<group>"; };
		22070A1A1FB874CF00F43FC3 /* WRFrameWriter.h */ = {isa = PBXFileReference; fileEncoding = 4; lastKnownFileType = sourcecode.c.h; path = WRFrameWriter.h; sourceTree = "<group>"; };
		22084FB21FC1D2DC00A12EF1 /* WRProxy.h */ = {isa = PBXFileReference; lastKnownFileType = sourcecode.c.h; path = WRProxy.h; sourceTree = "<group>"; };
		22084FB31FC1D2DC00A12EF1 /* WRProxy.m */ = {isa = PBXFileReference; lastKnownFileType = sourcecode.c.objc; path = WRProxy.m; sourceTree = "<group>"; };
		22084FB51FC1D3F300A12EF1 /* WRProxyFetcher.h */ = {isa = PBXFileReference; lastKnownFileType = sourcecode.c.h; path = WRProxyFetcher.h; sourceTree = "<group>"; };
		229AD58E1F9CE62C00CD3595 /* WRServerTrustPolicy.h */ = {isa = PBXFileReference; lastKnownFileType = sourcecode.c.h; path = WRServerTrustPolicy.h; sourceTree = "<group>"; };
		229AD58F1F9CE62C00CD3595 /* WRServerTrustPolicy.m */ = {isa = PBXFileReference; lastKnownFileType = sourcecode.c.objc; path = WRServerTrustPolicy.m; sourceTree = "<group>"; };
		229AD5911F9CE64800CD3595 /* WRSSLPinningPolicy.h */ = {isa = PBXFileReference; lastKnownFileType = sourcecode.c.h; path = WRSSLPinningPolicy.h; sourceTree = "<group>"; };
		229AD5921F9CE64800CD3595 /* WRSSLPinningPolicy.m */ = {isa = PBXFileReference; lastKnownFileType = sourcecode.c.objc; path = WRSSLPinningPolicy.m; sourceTree = "<group>"; };
		229AD5941F9CEE3A00CD3595 /* WRCustomPolicy.h */ = {isa = PBXFileReference; lastKnownFileType = sourcecode.c.h; path = WRCustomPolicy.h; sourceTree = "<group>"; };
		229AD5951F9CEE3A00CD3595 /* WRCustomPolicy.m */ = {isa = PBXFileReference; lastKnownFileType = sourcecode.c.objc; path = WRCustomPolicy.m; sourceTree = "<group>"; };
		229AD5971F9CF0CC00CD3595 /* WRDataDeflater.h */ = {isa = PBXFileReference; lastKnownFileType = sourcecode.c.h; path = WRDataDeflater.h; sourceTree = "<group>"; };
		229AD5981F9CF0CC00CD3595 /* WRDataDeflater.m */ = {isa = PBXFileReference; lastKnownFileType = sourcecode.c.objc; path = WRDataDeflater.m; sourceTree = "<group>"; };
		229AD59A1F9CF0DC00CD3595 /* WRDataInflater.h */ = {isa = PBXFileReference; lastKnownFileType = sourcecode.c.h; path = WRDataInflater.h; sourceTree = "<group>"; };
		229AD59B1F9CF0DC00CD3595 /* WRDataInflater.m */ = {isa = PBXFileReference; lastKnownFileType = sourcecode.c.objc; path = WRDataInflater.m; sourceTree = "<group>"; };
		22BFA8931F14022000CCB6D5 /* WhiteRabbitSocket.app */ = {isa = PBXFileReference; explicitFileType = wrapper.application; includeInIndex = 0; path = WhiteRabbitSocket.app; sourceTree = BUILT_PRODUCTS_DIR; };
		22BFA8971F14022000CCB6D5 /* main.m */ = {isa = PBXFileReference; lastKnownFileType = sourcecode.c.objc; path = main.m; sourceTree = "<group>"; };
		22BFA8991F14022000CCB6D5 /* AppDelegate.h */ = {isa = PBXFileReference; lastKnownFileType = sourcecode.c.h; path = AppDelegate.h; sourceTree = "<group>"; };
		22BFA89A1F14022000CCB6D5 /* AppDelegate.m */ = {isa = PBXFileReference; lastKnownFileType = sourcecode.c.objc; path = AppDelegate.m; sourceTree = "<group>"; };
		22BFA89C1F14022000CCB6D5 /* ViewController.h */ = {isa = PBXFileReference; lastKnownFileType = sourcecode.c.h; path = ViewController.h; sourceTree = "<group>"; };
		22BFA89D1F14022000CCB6D5 /* ViewController.m */ = {isa = PBXFileReference; lastKnownFileType = sourcecode.c.objc; path = ViewController.m; sourceTree = "<group>"; };
		22BFA8A01F14022000CCB6D5 /* Base */ = {isa = PBXFileReference; lastKnownFileType = file.storyboard; name = Base; path = Base.lproj/Main.storyboard; sourceTree = "<group>"; };
		22BFA8A21F14022000CCB6D5 /* Assets.xcassets */ = {isa = PBXFileReference; lastKnownFileType = folder.assetcatalog; path = Assets.xcassets; sourceTree = "<group>"; };
		22BFA8A51F14022000CCB6D5 /* Base */ = {isa = PBXFileReference; lastKnownFileType = file.storyboard; name = Base; path = Base.lproj/LaunchScreen.storyboard; sourceTree = "<group>"; };
		22BFA8A71F14022000CCB6D5 /* Info.plist */ = {isa = PBXFileReference; lastKnownFileType = text.plist.xml; path = Info.plist; sourceTree = "<group>"; };
		22BFA8B01F14035200CCB6D5 /* WRWebsocket.h */ = {isa = PBXFileReference; fileEncoding = 4; lastKnownFileType = sourcecode.c.h; path = WRWebsocket.h; sourceTree = "<group>"; };
		22BFA8B11F14035200CCB6D5 /* WRWebsocket.m */ = {isa = PBXFileReference; fileEncoding = 4; lastKnownFileType = sourcecode.c.objc; path = WRWebsocket.m; sourceTree = "<group>"; };
		22BFA8B51F1B46B300CCB6D5 /* NSURL+WRWebSocket.h */ = {isa = PBXFileReference; fileEncoding = 4; lastKnownFileType = sourcecode.c.h; path = "NSURL+WRWebSocket.h"; sourceTree = "<group>"; };
		22BFA8B61F1B46B300CCB6D5 /* NSURL+WRWebSocket.m */ = {isa = PBXFileReference; fileEncoding = 4; lastKnownFileType = sourcecode.c.objc; path = "NSURL+WRWebSocket.m"; sourceTree = "<group>"; };
		22BFA8BE1F1B5A6E00CCB6D5 /* WRWebsocketDelegate.h */ = {isa = PBXFileReference; fileEncoding = 4; lastKnownFileType = sourcecode.c.h; path = WRWebsocketDelegate.h; sourceTree = "<group>"; };
		22BFA8BF1F1B5BB400CCB6D5 /* WRHandshakeHandler.h */ = {isa = PBXFileReference; fileEncoding = 4; lastKnownFileType = sourcecode.c.h; path = WRHandshakeHandler.h; sourceTree = "<group>"; };
		22BFA8C01F1B5BB400CCB6D5 /* WRHandshakeHandler.m */ = {isa = PBXFileReference; fileEncoding = 4; lastKnownFileType = sourcecode.c.objc; path = WRHandshakeHandler.m; sourceTree = "<group>"; };
		22BFA8C51F250BE500CCB6D5 /* NSError+WRError.h */ = {isa = PBXFileReference; fileEncoding = 4; lastKnownFileType = sourcecode.c.h; path = "NSError+WRError.h"; sourceTree = "<group>"; };
		22BFA8C61F250BE500CCB6D5 /* NSError+WRError.m */ = {isa = PBXFileReference; fileEncoding = 4; lastKnownFileType = sourcecode.c.objc; path = "NSError+WRError.m"; sourceTree = "<group>"; };
		22EA1A3B20D6B5B600B7F23B /* WRDispatchProtocol.h */ = {isa = PBXFileReference; lastKnownFileType = sourcecode.c.h; path = WRDispatchProtocol.h; sourceTree = "<group>"; };
		22EA1A4220D6BCFC00B7F23B /* WRDispatching.h */ = {isa = PBXFileReference; lastKnownFileType = sourcecode.c.h; path = WRDispatching.h; sourceTree = "<group>"; };
		22EA1A4320D6BCFC00B7F23B /* WRDispatching.m */ = {isa = PBXFileReference; lastKnownFileType = sourcecode.c.objc; path = WRDispatching.m; sourceTree = "<group>"; };
		261C5F641F9E574400702814 /* WRSIMDFunction.h */ = {isa = PBXFileReference; lastKnownFileType = sourcecode.c.h; path = WRSIMDFunction.h; sourceTree = "<group>"; };
		261C5F651F9E574400702814 /* WRSIMDFunction.m */ = {isa = PBXFileReference; lastKnownFileType = sourcecode.c.objc; path = WRSIMDFunction.m; sourceTree = "<group>"; };
		264E294F2028BB7200181D79 /* WRHandshakePreferences.h */ = {isa = PBXFileReference; lastKnownFileType = sourcecode.c.h; path = WRHandshakePreferences.h; sourceTree = "<group>"; };
		264E29502028BB7200181D79 /* WRHandshakePreferences.m */ = {isa = PBXFileReference; lastKnownFileType = sourcecode.c.objc; path = WRHandshakePreferences.m; sourceTree = "<group>"; };
		265896FC1FB95EA30029FA23 /* WRReadableData.h */ = {isa = PBXFileReference; lastKnownFileType = sourcecode.c.h; path = WRReadableData.h; sourceTree = "<group>"; };
		265896FD1FB95EA30029FA23 /* WRReadableData.m */ = {isa = PBXFileReference; lastKnownFileType = sourcecode.c.objc; path = WRReadableData.m; sourceTree = "<group>"; };
		2668A0071FC2FE3B00E403AA /* WRProxyFetcher.m */ = {isa = PBXFileReference; fileEncoding = 4; lastKnownFileType = sourcecode.c.objc; path = WRProxyFetcher.m; sourceTree = "<group>"; };
		2668A0091FC332B900E403AA /* WRFrame.h */ = {isa = PBXFileReference; lastKnownFileType = sourcecode.c.h; path = WRFrame.h; sourceTree = "<group>"; };
		2668A00A1FC332B900E403AA /* WRFrame.m */ = {isa = PBXFileReference; lastKnownFileType = sourcecode.c.objc; path = WRFrame.m; sourceTree = "<group>"; };
		2668A00C1FC344D500E403AA /* Message.txt */ = {isa = PBXFileReference; fileEncoding = 4; lastKnownFileType = text; path = Message.txt; sourceTree = "<group>"; };
		26EBBB0C1F965CA00091A64E /* NSString+WRSHA1.h */ = {isa = PBXFileReference; lastKnownFileType = sourcecode.c.h; path = "NSString+WRSHA1.h"; sourceTree = "<group>"; };
		26EBBB0D1F965CA00091A64E /* NSString+WRSHA1.m */ = {isa = PBXFileReference; lastKnownFileType = sourcecode.c.objc; path = "NSString+WRSHA1.m"; sourceTree = "<group>"; };
/* End PBXFileReference section */

/* Begin PBXFrameworksBuildPhase section */
		22BFA8901F14022000CCB6D5 /* Frameworks */ = {
			isa = PBXFrameworksBuildPhase;
			buildActionMask = 2147483647;
			files = (
			);
			runOnlyForDeploymentPostprocessing = 0;
		};
/* End PBXFrameworksBuildPhase section */

/* Begin PBXGroup section */
		22070A141FB874CF00F43FC3 /* frames */ = {
			isa = PBXGroup;
			children = (
				22070A191FB874CF00F43FC3 /* WRFrameMasks.h */,
				22070A1A1FB874CF00F43FC3 /* WRFrameWriter.h */,
				22070A171FB874CF00F43FC3 /* WRFrameWriter.m */,
				22070A151FB874CF00F43FC3 /* WRFrameReader.h */,
				22070A181FB874CF00F43FC3 /* WRFrameReader.m */,
				2668A0091FC332B900E403AA /* WRFrame.h */,
				2668A00A1FC332B900E403AA /* WRFrame.m */,
			);
			path = frames;
			sourceTree = "<group>";
		};
		22084FAE1FC1C79200A12EF1 /* proxy */ = {
			isa = PBXGroup;
			children = (
				22084FB21FC1D2DC00A12EF1 /* WRProxy.h */,
				22084FB31FC1D2DC00A12EF1 /* WRProxy.m */,
				22084FB51FC1D3F300A12EF1 /* WRProxyFetcher.h */,
				2668A0071FC2FE3B00E403AA /* WRProxyFetcher.m */,
			);
			path = proxy;
			sourceTree = "<group>";
		};
		229AD58A1F9CE0DE00CD3595 /* secure */ = {
			isa = PBXGroup;
			children = (
				229AD58E1F9CE62C00CD3595 /* WRServerTrustPolicy.h */,
				229AD58F1F9CE62C00CD3595 /* WRServerTrustPolicy.m */,
				229AD5911F9CE64800CD3595 /* WRSSLPinningPolicy.h */,
				229AD5921F9CE64800CD3595 /* WRSSLPinningPolicy.m */,
				229AD5941F9CEE3A00CD3595 /* WRCustomPolicy.h */,
				229AD5951F9CEE3A00CD3595 /* WRCustomPolicy.m */,
			);
			path = secure;
			sourceTree = "<group>";
		};
		229AD58B1F9CE0DE00CD3595 /* compression */ = {
			isa = PBXGroup;
			children = (
				229AD5971F9CF0CC00CD3595 /* WRDataDeflater.h */,
				229AD5981F9CF0CC00CD3595 /* WRDataDeflater.m */,
				229AD59A1F9CF0DC00CD3595 /* WRDataInflater.h */,
				229AD59B1F9CF0DC00CD3595 /* WRDataInflater.m */,
			);
			path = compression;
			sourceTree = "<group>";
		};
		22BFA88A1F14022000CCB6D5 = {
			isa = PBXGroup;
			children = (
				22BFA8951F14022000CCB6D5 /* WhiteRabbitSocket */,
				22BFA8941F14022000CCB6D5 /* Products */,
			);
			sourceTree = "<group>";
		};
		22BFA8941F14022000CCB6D5 /* Products */ = {
			isa = PBXGroup;
			children = (
				22BFA8931F14022000CCB6D5 /* WhiteRabbitSocket.app */,
			);
			name = Products;
			sourceTree = "<group>";
		};
		22BFA8951F14022000CCB6D5 /* WhiteRabbitSocket */ = {
			isa = PBXGroup;
			children = (
				264E294E2028BB4100181D79 /* handshake */,
				22084FAE1FC1C79200A12EF1 /* proxy */,
				22070A141FB874CF00F43FC3 /* frames */,
				229AD58B1F9CE0DE00CD3595 /* compression */,
				229AD58A1F9CE0DE00CD3595 /* secure */,
				22BFA8B31F1B45F900CCB6D5 /* categories */,
				22BFA8B41F1B45F900CCB6D5 /* utils */,
				22BFA8AF1F14033B00CCB6D5 /* websocket */,
				22BFA8991F14022000CCB6D5 /* AppDelegate.h */,
				22BFA89A1F14022000CCB6D5 /* AppDelegate.m */,
				22BFA89C1F14022000CCB6D5 /* ViewController.h */,
				22BFA89D1F14022000CCB6D5 /* ViewController.m */,
				22BFA89F1F14022000CCB6D5 /* Main.storyboard */,
				22BFA8A21F14022000CCB6D5 /* Assets.xcassets */,
				22BFA8A41F14022000CCB6D5 /* LaunchScreen.storyboard */,
				22BFA8A71F14022000CCB6D5 /* Info.plist */,
				2668A00C1FC344D500E403AA /* Message.txt */,
				22BFA8961F14022000CCB6D5 /* Supporting Files */,
			);
			path = WhiteRabbitSocket;
			sourceTree = "<group>";
		};
		22BFA8961F14022000CCB6D5 /* Supporting Files */ = {
			isa = PBXGroup;
			children = (
				22BFA8971F14022000CCB6D5 /* main.m */,
			);
			name = "Supporting Files";
			sourceTree = "<group>";
		};
		22BFA8AF1F14033B00CCB6D5 /* websocket */ = {
			isa = PBXGroup;
			children = (
				22BFA8B01F14035200CCB6D5 /* WRWebsocket.h */,
				22BFA8B11F14035200CCB6D5 /* WRWebsocket.m */,
				22BFA8BE1F1B5A6E00CCB6D5 /* WRWebsocketDelegate.h */,
				22EA1A3B20D6B5B600B7F23B /* WRDispatchProtocol.h */,
			);
			path = websocket;
			sourceTree = "<group>";
		};
		22BFA8B31F1B45F900CCB6D5 /* categories */ = {
			isa = PBXGroup;
			children = (
				22BFA8B51F1B46B300CCB6D5 /* NSURL+WRWebSocket.h */,
				22BFA8B61F1B46B300CCB6D5 /* NSURL+WRWebSocket.m */,
				22BFA8C51F250BE500CCB6D5 /* NSError+WRError.h */,
				22BFA8C61F250BE500CCB6D5 /* NSError+WRError.m */,
				26EBBB0C1F965CA00091A64E /* NSString+WRSHA1.h */,
				26EBBB0D1F965CA00091A64E /* NSString+WRSHA1.m */,
			);
			path = categories;
			sourceTree = "<group>";
		};
		22BFA8B41F1B45F900CCB6D5 /* utils */ = {
			isa = PBXGroup;
			children = (
				261C5F641F9E574400702814 /* WRSIMDFunction.h */,
				261C5F651F9E574400702814 /* WRSIMDFunction.m */,
				265896FC1FB95EA30029FA23 /* WRReadableData.h */,
				265896FD1FB95EA30029FA23 /* WRReadableData.m */,
				22EA1A4220D6BCFC00B7F23B /* WRDispatching.h */,
				22EA1A4320D6BCFC00B7F23B /* WRDispatching.m */,
			);
			path = utils;
			sourceTree = "<group>";
		};
		264E294E2028BB4100181D79 /* handshake */ = {
			isa = PBXGroup;
			children = (
				22BFA8BF1F1B5BB400CCB6D5 /* WRHandshakeHandler.h */,
				22BFA8C01F1B5BB400CCB6D5 /* WRHandshakeHandler.m */,
				264E294F2028BB7200181D79 /* WRHandshakePreferences.h */,
				264E29502028BB7200181D79 /* WRHandshakePreferences.m */,
			);
			path = handshake;
			sourceTree = "<group>";
		};
/* End PBXGroup section */

/* Begin PBXNativeTarget section */
		22BFA8921F14022000CCB6D5 /* WhiteRabbitSocket */ = {
			isa = PBXNativeTarget;
			buildConfigurationList = 22BFA8AA1F14022000CCB6D5 /* Build configuration list for PBXNativeTarget "WhiteRabbitSocket" */;
			buildPhases = (
				22BFA88F1F14022000CCB6D5 /* Sources */,
				22BFA8901F14022000CCB6D5 /* Frameworks */,
				22BFA8911F14022000CCB6D5 /* Resources */,
			);
			buildRules = (
			);
			dependencies = (
			);
			name = WhiteRabbitSocket;
			productName = WhiteRabbitSocket;
			productReference = 22BFA8931F14022000CCB6D5 /* WhiteRabbitSocket.app */;
			productType = "com.apple.product-type.application";
		};
/* End PBXNativeTarget section */

/* Begin PBXProject section */
		22BFA88B1F14022000CCB6D5 /* Project object */ = {
			isa = PBXProject;
			attributes = {
				LastUpgradeCheck = 0910;
				ORGANIZATIONNAME = ASya;
				TargetAttributes = {
					22BFA8921F14022000CCB6D5 = {
						CreatedOnToolsVersion = 8.3.3;
						ProvisioningStyle = Automatic;
					};
				};
			};
			buildConfigurationList = 22BFA88E1F14022000CCB6D5 /* Build configuration list for PBXProject "WhiteRabbitSocket" */;
			compatibilityVersion = "Xcode 3.2";
			developmentRegion = English;
			hasScannedForEncodings = 0;
			knownRegions = (
				en,
				Base,
			);
			mainGroup = 22BFA88A1F14022000CCB6D5;
			productRefGroup = 22BFA8941F14022000CCB6D5 /* Products */;
			projectDirPath = "";
			projectRoot = "";
			targets = (
				22BFA8921F14022000CCB6D5 /* WhiteRabbitSocket */,
			);
		};
/* End PBXProject section */

/* Begin PBXResourcesBuildPhase section */
		22BFA8911F14022000CCB6D5 /* Resources */ = {
			isa = PBXResourcesBuildPhase;
			buildActionMask = 2147483647;
			files = (
				22BFA8A61F14022000CCB6D5 /* LaunchScreen.storyboard in Resources */,
				22BFA8A31F14022000CCB6D5 /* Assets.xcassets in Resources */,
				2668A00D1FC344D500E403AA /* Message.txt in Resources */,
				22BFA8A11F14022000CCB6D5 /* Main.storyboard in Resources */,
			);
			runOnlyForDeploymentPostprocessing = 0;
		};
/* End PBXResourcesBuildPhase section */

/* Begin PBXSourcesBuildPhase section */
		22BFA88F1F14022000CCB6D5 /* Sources */ = {
			isa = PBXSourcesBuildPhase;
			buildActionMask = 2147483647;
			files = (
				264E29512028BB7200181D79 /* WRHandshakePreferences.m in Sources */,
				26EBBB0E1F965CA00091A64E /* NSString+WRSHA1.m in Sources */,
				22BFA8B71F1B46B300CCB6D5 /* NSURL+WRWebSocket.m in Sources */,
				229AD5931F9CE64800CD3595 /* WRSSLPinningPolicy.m in Sources */,
				22070A1C1FB874CF00F43FC3 /* WRFrameReader.m in Sources */,
				265896FE1FB95EA30029FA23 /* WRReadableData.m in Sources */,
				22BFA8B21F14035200CCB6D5 /* WRWebsocket.m in Sources */,
				22BFA89E1F14022000CCB6D5 /* ViewController.m in Sources */,
				229AD5901F9CE62C00CD3595 /* WRServerTrustPolicy.m in Sources */,
				261C5F661F9E574400702814 /* WRSIMDFunction.m in Sources */,
				22BFA8C11F1B5BB400CCB6D5 /* WRHandshakeHandler.m in Sources */,
				22BFA8C71F250BE500CCB6D5 /* NSError+WRError.m in Sources */,
				2668A00B1FC332B900E403AA /* WRFrame.m in Sources */,
				229AD5991F9CF0CC00CD3595 /* WRDataDeflater.m in Sources */,
				22070A1B1FB874CF00F43FC3 /* WRFrameWriter.m in Sources */,
				22BFA89B1F14022000CCB6D5 /* AppDelegate.m in Sources */,
				22084FB41FC1D2DC00A12EF1 /* WRProxy.m in Sources */,
				22EA1A4420D6BCFC00B7F23B /* WRDispatching.m in Sources */,
				22BFA8981F14022000CCB6D5 /* main.m in Sources */,
				229AD5961F9CEE3A00CD3595 /* WRCustomPolicy.m in Sources */,
				2668A0081FC2FE3B00E403AA /* WRProxyFetcher.m in Sources */,
				229AD59C1F9CF0DC00CD3595 /* WRDataInflater.m in Sources */,
			);
			runOnlyForDeploymentPostprocessing = 0;
		};
/* End PBXSourcesBuildPhase section */

/* Begin PBXVariantGroup section */
		22BFA89F1F14022000CCB6D5 /* Main.storyboard */ = {
			isa = PBXVariantGroup;
			children = (
				22BFA8A01F14022000CCB6D5 /* Base */,
			);
			name = Main.storyboard;
			sourceTree = "<group>";
		};
		22BFA8A41F14022000CCB6D5 /* LaunchScreen.storyboard */ = {
			isa = PBXVariantGroup;
			children = (
				22BFA8A51F14022000CCB6D5 /* Base */,
			);
			name = LaunchScreen.storyboard;
			sourceTree = "<group>";
		};
/* End PBXVariantGroup section */

/* Begin XCBuildConfiguration section */
		22BFA8A81F14022000CCB6D5 /* Debug */ = {
			isa = XCBuildConfiguration;
			buildSettings = {
				ALWAYS_SEARCH_USER_PATHS = NO;
				CLANG_ANALYZER_NONNULL = YES;
				CLANG_ANALYZER_NUMBER_OBJECT_CONVERSION = YES_AGGRESSIVE;
				CLANG_CXX_LANGUAGE_STANDARD = "gnu++0x";
				CLANG_CXX_LIBRARY = "libc++";
				CLANG_ENABLE_MODULES = YES;
				CLANG_ENABLE_OBJC_ARC = YES;
				CLANG_WARN_BLOCK_CAPTURE_AUTORELEASING = YES;
				CLANG_WARN_BOOL_CONVERSION = YES;
				CLANG_WARN_COMMA = YES;
				CLANG_WARN_CONSTANT_CONVERSION = YES;
				CLANG_WARN_DIRECT_OBJC_ISA_USAGE = YES_ERROR;
				CLANG_WARN_DOCUMENTATION_COMMENTS = YES;
				CLANG_WARN_EMPTY_BODY = YES;
				CLANG_WARN_ENUM_CONVERSION = YES;
				CLANG_WARN_INFINITE_RECURSION = YES;
				CLANG_WARN_INT_CONVERSION = YES;
				CLANG_WARN_NON_LITERAL_NULL_CONVERSION = YES;
				CLANG_WARN_OBJC_LITERAL_CONVERSION = YES;
				CLANG_WARN_OBJC_ROOT_CLASS = YES_ERROR;
				CLANG_WARN_RANGE_LOOP_ANALYSIS = YES;
				CLANG_WARN_STRICT_PROTOTYPES = YES;
				CLANG_WARN_SUSPICIOUS_MOVE = YES;
				CLANG_WARN_UNREACHABLE_CODE = YES;
				CLANG_WARN__DUPLICATE_METHOD_MATCH = YES;
				"CODE_SIGN_IDENTITY[sdk=iphoneos*]" = "iPhone Developer";
				COPY_PHASE_STRIP = NO;
				DEBUG_INFORMATION_FORMAT = dwarf;
				ENABLE_STRICT_OBJC_MSGSEND = YES;
				ENABLE_TESTABILITY = YES;
				GCC_C_LANGUAGE_STANDARD = gnu99;
				GCC_DYNAMIC_NO_PIC = NO;
				GCC_NO_COMMON_BLOCKS = YES;
				GCC_OPTIMIZATION_LEVEL = 0;
				GCC_PREPROCESSOR_DEFINITIONS = (
					"DEBUG=1",
					"$(inherited)",
				);
				GCC_WARN_64_TO_32_BIT_CONVERSION = YES;
				GCC_WARN_ABOUT_RETURN_TYPE = YES_ERROR;
				GCC_WARN_UNDECLARED_SELECTOR = YES;
				GCC_WARN_UNINITIALIZED_AUTOS = YES_AGGRESSIVE;
				GCC_WARN_UNUSED_FUNCTION = YES;
				GCC_WARN_UNUSED_VARIABLE = YES;
				IPHONEOS_DEPLOYMENT_TARGET = 10.3;
				MTL_ENABLE_DEBUG_INFO = YES;
				ONLY_ACTIVE_ARCH = YES;
				SDKROOT = iphoneos;
				TARGETED_DEVICE_FAMILY = "1,2";
			};
			name = Debug;
		};
		22BFA8A91F14022000CCB6D5 /* Release */ = {
			isa = XCBuildConfiguration;
			buildSettings = {
				ALWAYS_SEARCH_USER_PATHS = NO;
				CLANG_ANALYZER_NONNULL = YES;
				CLANG_ANALYZER_NUMBER_OBJECT_CONVERSION = YES_AGGRESSIVE;
				CLANG_CXX_LANGUAGE_STANDARD = "gnu++0x";
				CLANG_CXX_LIBRARY = "libc++";
				CLANG_ENABLE_MODULES = YES;
				CLANG_ENABLE_OBJC_ARC = YES;
				CLANG_WARN_BLOCK_CAPTURE_AUTORELEASING = YES;
				CLANG_WARN_BOOL_CONVERSION = YES;
				CLANG_WARN_COMMA = YES;
				CLANG_WARN_CONSTANT_CONVERSION = YES;
				CLANG_WARN_DIRECT_OBJC_ISA_USAGE = YES_ERROR;
				CLANG_WARN_DOCUMENTATION_COMMENTS = YES;
				CLANG_WARN_EMPTY_BODY = YES;
				CLANG_WARN_ENUM_CONVERSION = YES;
				CLANG_WARN_INFINITE_RECURSION = YES;
				CLANG_WARN_INT_CONVERSION = YES;
				CLANG_WARN_NON_LITERAL_NULL_CONVERSION = YES;
				CLANG_WARN_OBJC_LITERAL_CONVERSION = YES;
				CLANG_WARN_OBJC_ROOT_CLASS = YES_ERROR;
				CLANG_WARN_RANGE_LOOP_ANALYSIS = YES;
				CLANG_WARN_STRICT_PROTOTYPES = YES;
				CLANG_WARN_SUSPICIOUS_MOVE = YES;
				CLANG_WARN_UNREACHABLE_CODE = YES;
				CLANG_WARN__DUPLICATE_METHOD_MATCH = YES;
				"CODE_SIGN_IDENTITY[sdk=iphoneos*]" = "iPhone Developer";
				COPY_PHASE_STRIP = NO;
				DEBUG_INFORMATION_FORMAT = "dwarf-with-dsym";
				ENABLE_NS_ASSERTIONS = NO;
				ENABLE_STRICT_OBJC_MSGSEND = YES;
				GCC_C_LANGUAGE_STANDARD = gnu99;
				GCC_NO_COMMON_BLOCKS = YES;
				GCC_WARN_64_TO_32_BIT_CONVERSION = YES;
				GCC_WARN_ABOUT_RETURN_TYPE = YES_ERROR;
				GCC_WARN_UNDECLARED_SELECTOR = YES;
				GCC_WARN_UNINITIALIZED_AUTOS = YES_AGGRESSIVE;
				GCC_WARN_UNUSED_FUNCTION = YES;
				GCC_WARN_UNUSED_VARIABLE = YES;
				IPHONEOS_DEPLOYMENT_TARGET = 10.3;
				MTL_ENABLE_DEBUG_INFO = NO;
				SDKROOT = iphoneos;
				TARGETED_DEVICE_FAMILY = "1,2";
				VALIDATE_PRODUCT = YES;
			};
			name = Release;
		};
		22BFA8AB1F14022000CCB6D5 /* Debug */ = {
			isa = XCBuildConfiguration;
			buildSettings = {
				ASSETCATALOG_COMPILER_APPICON_NAME = AppIcon;
				DEVELOPMENT_TEAM = "";
				INFOPLIST_FILE = WhiteRabbitSocket/Info.plist;
				LD_RUNPATH_SEARCH_PATHS = "$(inherited) @executable_path/Frameworks";
				PRODUCT_BUNDLE_IDENTIFIER = com.asya.in.codeland.WhiteRabbitSocket;
				PRODUCT_NAME = "$(TARGET_NAME)";
			};
			name = Debug;
		};
		22BFA8AC1F14022000CCB6D5 /* Release */ = {
			isa = XCBuildConfiguration;
			buildSettings = {
				ASSETCATALOG_COMPILER_APPICON_NAME = AppIcon;
				DEVELOPMENT_TEAM = "";
				INFOPLIST_FILE = WhiteRabbitSocket/Info.plist;
				LD_RUNPATH_SEARCH_PATHS = "$(inherited) @executable_path/Frameworks";
				PRODUCT_BUNDLE_IDENTIFIER = com.asya.in.codeland.WhiteRabbitSocket;
				PRODUCT_NAME = "$(TARGET_NAME)";
			};
			name = Release;
		};
/* End XCBuildConfiguration section */

/* Begin XCConfigurationList section */
		22BFA88E1F14022000CCB6D5 /* Build configuration list for PBXProject "WhiteRabbitSocket" */ = {
			isa = XCConfigurationList;
			buildConfigurations = (
				22BFA8A81F14022000CCB6D5 /* Debug */,
				22BFA8A91F14022000CCB6D5 /* Release */,
			);
			defaultConfigurationIsVisible = 0;
			defaultConfigurationName = Release;
		};
		22BFA8AA1F14022000CCB6D5 /* Build configuration list for PBXNativeTarget "WhiteRabbitSocket" */ = {
			isa = XCConfigurationList;
			buildConfigurations = (
				22BFA8AB1F14022000CCB6D5 /* Debug */,
				22BFA8AC1F14022000CCB6D5 /* Release */,
			);
			defaultConfigurationIsVisible = 0;
			defaultConfigurationName = Release;
		};
/* End XCConfigurationList section */
	};
	rootObject = 22BFA88B1F14022000CCB6D5 /* Project object */;
}
